
Microsoft Visual Studio Solution File, Format Version 12.00
# Visual Studio Version 17
VisualStudioVersion = 17.0.31903.59
MinimumVisualStudioVersion = 10.0.40219.1
Project("{F2A71F9B-5D33-465A-A702-920D77279786}") = "Chapter01", "Chapter01\Chapter01.fsproj", "{1F9AEFD4-A0E3-48E5-976F-883059467BCB}"
EndProject
Project("{F2A71F9B-5D33-465A-A702-920D77279786}") = "Chapter01.Tests", "Chapter01.Tests\Chapter01.Tests.fsproj", "{B6FA9EDA-ED66-4F0D-8EC5-18EC08D82186}"
EndProject
Project("{F2A71F9B-5D33-465A-A702-920D77279786}") = "Chapter02", "Chapter02\Chapter02.fsproj", "{4F44954C-6084-46F2-B429-AD6C733C194A}"
EndProject
Project("{F2A71F9B-5D33-465A-A702-920D77279786}") = "Chapter02.Tests", "Chapter02.Tests\Chapter02.Tests.fsproj", "{D4D6BC85-67A5-4B06-A5BB-969C2D018700}"
EndProject
Project("{F2A71F9B-5D33-465A-A702-920D77279786}") = "Chapter03", "Chapter03\Chapter03.fsproj", "{92325BDD-E5ED-4638-98FC-A02E61788E6B}"
EndProject
Project("{F2A71F9B-5D33-465A-A702-920D77279786}") = "Chapter03.Tests", "Chapter03.Tests\Chapter03.Tests.fsproj", "{FADD5A8B-ABED-49D1-B387-CC695E1CC6D9}"
EndProject
Project("{F2A71F9B-5D33-465A-A702-920D77279786}") = "Chapter04", "Chapter04\Chapter04.fsproj", "{9EF5466F-FD2B-4B11-8287-973853FEA4CF}"
EndProject
Project("{F2A71F9B-5D33-465A-A702-920D77279786}") = "Chapter04.Tests", "Chapter04.Tests\Chapter04.Tests.fsproj", "{7583B322-3B52-4905-B1E7-2437BD51D6D7}"
EndProject
Project("{F2A71F9B-5D33-465A-A702-920D77279786}") = "Chapter05", "Chapter05\Chapter05.fsproj", "{DCD82D1F-1652-466C-B56D-FF974467B1E0}"
EndProject
Project("{F2A71F9B-5D33-465A-A702-920D77279786}") = "Chapter05.Tests", "Chapter05.Tests\Chapter05.Tests.fsproj", "{91C3E0F0-8BED-4E15-BE32-A04C568B87A8}"
EndProject
Project("{F2A71F9B-5D33-465A-A702-920D77279786}") = "Chapter06", "Chapter06\Chapter06.fsproj", "{74DB7AF5-F426-4403-91DF-7DF3C3BBA2AA}"
EndProject
Project("{F2A71F9B-5D33-465A-A702-920D77279786}") = "Chapter06.Tests", "Chapter06.Tests\Chapter06.Tests.fsproj", "{63D46BE7-6B3A-4C6B-9982-55E3E9376612}"
EndProject
Project("{F2A71F9B-5D33-465A-A702-920D77279786}") = "Chapter07", "Chapter07\Chapter07.fsproj", "{988A12D3-E343-4B47-AAC1-5C40C19F1B0B}"
EndProject
Project("{F2A71F9B-5D33-465A-A702-920D77279786}") = "Chapter07.Tests", "Chapter07.Tests\Chapter07.Tests.fsproj", "{35F72485-ADBE-4C25-96E6-CB6E8537EA16}"
EndProject
Project("{F2A71F9B-5D33-465A-A702-920D77279786}") = "Chapter08", "Chapter08\Chapter08.fsproj", "{E68061BE-0985-4864-AE9B-829E3F805EA6}"
EndProject
Project("{F2A71F9B-5D33-465A-A702-920D77279786}") = "Chapter08.Tests", "Chapter08.Tests\Chapter08.Tests.fsproj", "{685B5F55-680C-4B78-9E4E-87C87CF15693}"
EndProject
Project("{F2A71F9B-5D33-465A-A702-920D77279786}") = "Chapter09", "Chapter09\Chapter09.fsproj", "{8CEBB753-EE26-4C32-90A5-F0DA5AB8F834}"
EndProject
Project("{F2A71F9B-5D33-465A-A702-920D77279786}") = "Chapter09.Tests", "Chapter09.Tests\Chapter09.Tests.fsproj", "{066D1427-7AA1-4048-8F80-29491971AF35}"
EndProject
Global
	GlobalSection(SolutionConfigurationPlatforms) = preSolution
		Debug|Any CPU = Debug|Any CPU
		Debug|x64 = Debug|x64
		Debug|x86 = Debug|x86
		Release|Any CPU = Release|Any CPU
		Release|x64 = Release|x64
		Release|x86 = Release|x86
	EndGlobalSection
	GlobalSection(ProjectConfigurationPlatforms) = postSolution
		{1F9AEFD4-A0E3-48E5-976F-883059467BCB}.Debug|Any CPU.ActiveCfg = Debug|Any CPU
		{1F9AEFD4-A0E3-48E5-976F-883059467BCB}.Debug|Any CPU.Build.0 = Debug|Any CPU
		{1F9AEFD4-A0E3-48E5-976F-883059467BCB}.Debug|x64.ActiveCfg = Debug|Any CPU
		{1F9AEFD4-A0E3-48E5-976F-883059467BCB}.Debug|x64.Build.0 = Debug|Any CPU
		{1F9AEFD4-A0E3-48E5-976F-883059467BCB}.Debug|x86.ActiveCfg = Debug|Any CPU
		{1F9AEFD4-A0E3-48E5-976F-883059467BCB}.Debug|x86.Build.0 = Debug|Any CPU
		{1F9AEFD4-A0E3-48E5-976F-883059467BCB}.Release|Any CPU.ActiveCfg = Release|Any CPU
		{1F9AEFD4-A0E3-48E5-976F-883059467BCB}.Release|Any CPU.Build.0 = Release|Any CPU
		{1F9AEFD4-A0E3-48E5-976F-883059467BCB}.Release|x64.ActiveCfg = Release|Any CPU
		{1F9AEFD4-A0E3-48E5-976F-883059467BCB}.Release|x64.Build.0 = Release|Any CPU
		{1F9AEFD4-A0E3-48E5-976F-883059467BCB}.Release|x86.ActiveCfg = Release|Any CPU
		{1F9AEFD4-A0E3-48E5-976F-883059467BCB}.Release|x86.Build.0 = Release|Any CPU
		{B6FA9EDA-ED66-4F0D-8EC5-18EC08D82186}.Debug|Any CPU.ActiveCfg = Debug|Any CPU
		{B6FA9EDA-ED66-4F0D-8EC5-18EC08D82186}.Debug|Any CPU.Build.0 = Debug|Any CPU
		{B6FA9EDA-ED66-4F0D-8EC5-18EC08D82186}.Debug|x64.ActiveCfg = Debug|Any CPU
		{B6FA9EDA-ED66-4F0D-8EC5-18EC08D82186}.Debug|x64.Build.0 = Debug|Any CPU
		{B6FA9EDA-ED66-4F0D-8EC5-18EC08D82186}.Debug|x86.ActiveCfg = Debug|Any CPU
		{B6FA9EDA-ED66-4F0D-8EC5-18EC08D82186}.Debug|x86.Build.0 = Debug|Any CPU
		{B6FA9EDA-ED66-4F0D-8EC5-18EC08D82186}.Release|Any CPU.ActiveCfg = Release|Any CPU
		{B6FA9EDA-ED66-4F0D-8EC5-18EC08D82186}.Release|Any CPU.Build.0 = Release|Any CPU
		{B6FA9EDA-ED66-4F0D-8EC5-18EC08D82186}.Release|x64.ActiveCfg = Release|Any CPU
		{B6FA9EDA-ED66-4F0D-8EC5-18EC08D82186}.Release|x64.Build.0 = Release|Any CPU
		{B6FA9EDA-ED66-4F0D-8EC5-18EC08D82186}.Release|x86.ActiveCfg = Release|Any CPU
		{B6FA9EDA-ED66-4F0D-8EC5-18EC08D82186}.Release|x86.Build.0 = Release|Any CPU
		{4F44954C-6084-46F2-B429-AD6C733C194A}.Debug|Any CPU.ActiveCfg = Debug|Any CPU
		{4F44954C-6084-46F2-B429-AD6C733C194A}.Debug|Any CPU.Build.0 = Debug|Any CPU
		{4F44954C-6084-46F2-B429-AD6C733C194A}.Debug|x64.ActiveCfg = Debug|Any CPU
		{4F44954C-6084-46F2-B429-AD6C733C194A}.Debug|x64.Build.0 = Debug|Any CPU
		{4F44954C-6084-46F2-B429-AD6C733C194A}.Debug|x86.ActiveCfg = Debug|Any CPU
		{4F44954C-6084-46F2-B429-AD6C733C194A}.Debug|x86.Build.0 = Debug|Any CPU
		{4F44954C-6084-46F2-B429-AD6C733C194A}.Release|Any CPU.ActiveCfg = Release|Any CPU
		{4F44954C-6084-46F2-B429-AD6C733C194A}.Release|Any CPU.Build.0 = Release|Any CPU
		{4F44954C-6084-46F2-B429-AD6C733C194A}.Release|x64.ActiveCfg = Release|Any CPU
		{4F44954C-6084-46F2-B429-AD6C733C194A}.Release|x64.Build.0 = Release|Any CPU
		{4F44954C-6084-46F2-B429-AD6C733C194A}.Release|x86.ActiveCfg = Release|Any CPU
		{4F44954C-6084-46F2-B429-AD6C733C194A}.Release|x86.Build.0 = Release|Any CPU
		{D4D6BC85-67A5-4B06-A5BB-969C2D018700}.Debug|Any CPU.ActiveCfg = Debug|Any CPU
		{D4D6BC85-67A5-4B06-A5BB-969C2D018700}.Debug|Any CPU.Build.0 = Debug|Any CPU
		{D4D6BC85-67A5-4B06-A5BB-969C2D018700}.Debug|x64.ActiveCfg = Debug|Any CPU
		{D4D6BC85-67A5-4B06-A5BB-969C2D018700}.Debug|x64.Build.0 = Debug|Any CPU
		{D4D6BC85-67A5-4B06-A5BB-969C2D018700}.Debug|x86.ActiveCfg = Debug|Any CPU
		{D4D6BC85-67A5-4B06-A5BB-969C2D018700}.Debug|x86.Build.0 = Debug|Any CPU
		{D4D6BC85-67A5-4B06-A5BB-969C2D018700}.Release|Any CPU.ActiveCfg = Release|Any CPU
		{D4D6BC85-67A5-4B06-A5BB-969C2D018700}.Release|Any CPU.Build.0 = Release|Any CPU
		{D4D6BC85-67A5-4B06-A5BB-969C2D018700}.Release|x64.ActiveCfg = Release|Any CPU
		{D4D6BC85-67A5-4B06-A5BB-969C2D018700}.Release|x64.Build.0 = Release|Any CPU
		{D4D6BC85-67A5-4B06-A5BB-969C2D018700}.Release|x86.ActiveCfg = Release|Any CPU
		{D4D6BC85-67A5-4B06-A5BB-969C2D018700}.Release|x86.Build.0 = Release|Any CPU
		{92325BDD-E5ED-4638-98FC-A02E61788E6B}.Debug|Any CPU.ActiveCfg = Debug|Any CPU
		{92325BDD-E5ED-4638-98FC-A02E61788E6B}.Debug|Any CPU.Build.0 = Debug|Any CPU
		{92325BDD-E5ED-4638-98FC-A02E61788E6B}.Debug|x64.ActiveCfg = Debug|Any CPU
		{92325BDD-E5ED-4638-98FC-A02E61788E6B}.Debug|x64.Build.0 = Debug|Any CPU
		{92325BDD-E5ED-4638-98FC-A02E61788E6B}.Debug|x86.ActiveCfg = Debug|Any CPU
		{92325BDD-E5ED-4638-98FC-A02E61788E6B}.Debug|x86.Build.0 = Debug|Any CPU
		{92325BDD-E5ED-4638-98FC-A02E61788E6B}.Release|Any CPU.ActiveCfg = Release|Any CPU
		{92325BDD-E5ED-4638-98FC-A02E61788E6B}.Release|Any CPU.Build.0 = Release|Any CPU
		{92325BDD-E5ED-4638-98FC-A02E61788E6B}.Release|x64.ActiveCfg = Release|Any CPU
		{92325BDD-E5ED-4638-98FC-A02E61788E6B}.Release|x64.Build.0 = Release|Any CPU
		{92325BDD-E5ED-4638-98FC-A02E61788E6B}.Release|x86.ActiveCfg = Release|Any CPU
		{92325BDD-E5ED-4638-98FC-A02E61788E6B}.Release|x86.Build.0 = Release|Any CPU
		{FADD5A8B-ABED-49D1-B387-CC695E1CC6D9}.Debug|Any CPU.ActiveCfg = Debug|Any CPU
		{FADD5A8B-ABED-49D1-B387-CC695E1CC6D9}.Debug|Any CPU.Build.0 = Debug|Any CPU
		{FADD5A8B-ABED-49D1-B387-CC695E1CC6D9}.Debug|x64.ActiveCfg = Debug|Any CPU
		{FADD5A8B-ABED-49D1-B387-CC695E1CC6D9}.Debug|x64.Build.0 = Debug|Any CPU
		{FADD5A8B-ABED-49D1-B387-CC695E1CC6D9}.Debug|x86.ActiveCfg = Debug|Any CPU
		{FADD5A8B-ABED-49D1-B387-CC695E1CC6D9}.Debug|x86.Build.0 = Debug|Any CPU
		{FADD5A8B-ABED-49D1-B387-CC695E1CC6D9}.Release|Any CPU.ActiveCfg = Release|Any CPU
		{FADD5A8B-ABED-49D1-B387-CC695E1CC6D9}.Release|Any CPU.Build.0 = Release|Any CPU
		{FADD5A8B-ABED-49D1-B387-CC695E1CC6D9}.Release|x64.ActiveCfg = Release|Any CPU
		{FADD5A8B-ABED-49D1-B387-CC695E1CC6D9}.Release|x64.Build.0 = Release|Any CPU
		{FADD5A8B-ABED-49D1-B387-CC695E1CC6D9}.Release|x86.ActiveCfg = Release|Any CPU
		{FADD5A8B-ABED-49D1-B387-CC695E1CC6D9}.Release|x86.Build.0 = Release|Any CPU
		{9EF5466F-FD2B-4B11-8287-973853FEA4CF}.Debug|Any CPU.ActiveCfg = Debug|Any CPU
		{9EF5466F-FD2B-4B11-8287-973853FEA4CF}.Debug|Any CPU.Build.0 = Debug|Any CPU
		{9EF5466F-FD2B-4B11-8287-973853FEA4CF}.Debug|x64.ActiveCfg = Debug|Any CPU
		{9EF5466F-FD2B-4B11-8287-973853FEA4CF}.Debug|x64.Build.0 = Debug|Any CPU
		{9EF5466F-FD2B-4B11-8287-973853FEA4CF}.Debug|x86.ActiveCfg = Debug|Any CPU
		{9EF5466F-FD2B-4B11-8287-973853FEA4CF}.Debug|x86.Build.0 = Debug|Any CPU
		{9EF5466F-FD2B-4B11-8287-973853FEA4CF}.Release|Any CPU.ActiveCfg = Release|Any CPU
		{9EF5466F-FD2B-4B11-8287-973853FEA4CF}.Release|Any CPU.Build.0 = Release|Any CPU
		{9EF5466F-FD2B-4B11-8287-973853FEA4CF}.Release|x64.ActiveCfg = Release|Any CPU
		{9EF5466F-FD2B-4B11-8287-973853FEA4CF}.Release|x64.Build.0 = Release|Any CPU
		{9EF5466F-FD2B-4B11-8287-973853FEA4CF}.Release|x86.ActiveCfg = Release|Any CPU
		{9EF5466F-FD2B-4B11-8287-973853FEA4CF}.Release|x86.Build.0 = Release|Any CPU
		{7583B322-3B52-4905-B1E7-2437BD51D6D7}.Debug|Any CPU.ActiveCfg = Debug|Any CPU
		{7583B322-3B52-4905-B1E7-2437BD51D6D7}.Debug|Any CPU.Build.0 = Debug|Any CPU
		{7583B322-3B52-4905-B1E7-2437BD51D6D7}.Debug|x64.ActiveCfg = Debug|Any CPU
		{7583B322-3B52-4905-B1E7-2437BD51D6D7}.Debug|x64.Build.0 = Debug|Any CPU
		{7583B322-3B52-4905-B1E7-2437BD51D6D7}.Debug|x86.ActiveCfg = Debug|Any CPU
		{7583B322-3B52-4905-B1E7-2437BD51D6D7}.Debug|x86.Build.0 = Debug|Any CPU
		{7583B322-3B52-4905-B1E7-2437BD51D6D7}.Release|Any CPU.ActiveCfg = Release|Any CPU
		{7583B322-3B52-4905-B1E7-2437BD51D6D7}.Release|Any CPU.Build.0 = Release|Any CPU
		{7583B322-3B52-4905-B1E7-2437BD51D6D7}.Release|x64.ActiveCfg = Release|Any CPU
		{7583B322-3B52-4905-B1E7-2437BD51D6D7}.Release|x64.Build.0 = Release|Any CPU
		{7583B322-3B52-4905-B1E7-2437BD51D6D7}.Release|x86.ActiveCfg = Release|Any CPU
		{7583B322-3B52-4905-B1E7-2437BD51D6D7}.Release|x86.Build.0 = Release|Any CPU
		{DCD82D1F-1652-466C-B56D-FF974467B1E0}.Debug|Any CPU.ActiveCfg = Debug|Any CPU
		{DCD82D1F-1652-466C-B56D-FF974467B1E0}.Debug|Any CPU.Build.0 = Debug|Any CPU
		{DCD82D1F-1652-466C-B56D-FF974467B1E0}.Debug|x64.ActiveCfg = Debug|Any CPU
		{DCD82D1F-1652-466C-B56D-FF974467B1E0}.Debug|x64.Build.0 = Debug|Any CPU
		{DCD82D1F-1652-466C-B56D-FF974467B1E0}.Debug|x86.ActiveCfg = Debug|Any CPU
		{DCD82D1F-1652-466C-B56D-FF974467B1E0}.Debug|x86.Build.0 = Debug|Any CPU
		{DCD82D1F-1652-466C-B56D-FF974467B1E0}.Release|Any CPU.ActiveCfg = Release|Any CPU
		{DCD82D1F-1652-466C-B56D-FF974467B1E0}.Release|Any CPU.Build.0 = Release|Any CPU
		{DCD82D1F-1652-466C-B56D-FF974467B1E0}.Release|x64.ActiveCfg = Release|Any CPU
		{DCD82D1F-1652-466C-B56D-FF974467B1E0}.Release|x64.Build.0 = Release|Any CPU
		{DCD82D1F-1652-466C-B56D-FF974467B1E0}.Release|x86.ActiveCfg = Release|Any CPU
		{DCD82D1F-1652-466C-B56D-FF974467B1E0}.Release|x86.Build.0 = Release|Any CPU
		{91C3E0F0-8BED-4E15-BE32-A04C568B87A8}.Debug|Any CPU.ActiveCfg = Debug|Any CPU
		{91C3E0F0-8BED-4E15-BE32-A04C568B87A8}.Debug|Any CPU.Build.0 = Debug|Any CPU
		{91C3E0F0-8BED-4E15-BE32-A04C568B87A8}.Debug|x64.ActiveCfg = Debug|Any CPU
		{91C3E0F0-8BED-4E15-BE32-A04C568B87A8}.Debug|x64.Build.0 = Debug|Any CPU
		{91C3E0F0-8BED-4E15-BE32-A04C568B87A8}.Debug|x86.ActiveCfg = Debug|Any CPU
		{91C3E0F0-8BED-4E15-BE32-A04C568B87A8}.Debug|x86.Build.0 = Debug|Any CPU
		{91C3E0F0-8BED-4E15-BE32-A04C568B87A8}.Release|Any CPU.ActiveCfg = Release|Any CPU
		{91C3E0F0-8BED-4E15-BE32-A04C568B87A8}.Release|Any CPU.Build.0 = Release|Any CPU
		{91C3E0F0-8BED-4E15-BE32-A04C568B87A8}.Release|x64.ActiveCfg = Release|Any CPU
		{91C3E0F0-8BED-4E15-BE32-A04C568B87A8}.Release|x64.Build.0 = Release|Any CPU
		{91C3E0F0-8BED-4E15-BE32-A04C568B87A8}.Release|x86.ActiveCfg = Release|Any CPU
		{91C3E0F0-8BED-4E15-BE32-A04C568B87A8}.Release|x86.Build.0 = Release|Any CPU
		{74DB7AF5-F426-4403-91DF-7DF3C3BBA2AA}.Debug|Any CPU.ActiveCfg = Debug|Any CPU
		{74DB7AF5-F426-4403-91DF-7DF3C3BBA2AA}.Debug|Any CPU.Build.0 = Debug|Any CPU
		{74DB7AF5-F426-4403-91DF-7DF3C3BBA2AA}.Debug|x64.ActiveCfg = Debug|Any CPU
		{74DB7AF5-F426-4403-91DF-7DF3C3BBA2AA}.Debug|x64.Build.0 = Debug|Any CPU
		{74DB7AF5-F426-4403-91DF-7DF3C3BBA2AA}.Debug|x86.ActiveCfg = Debug|Any CPU
		{74DB7AF5-F426-4403-91DF-7DF3C3BBA2AA}.Debug|x86.Build.0 = Debug|Any CPU
		{74DB7AF5-F426-4403-91DF-7DF3C3BBA2AA}.Release|Any CPU.ActiveCfg = Release|Any CPU
		{74DB7AF5-F426-4403-91DF-7DF3C3BBA2AA}.Release|Any CPU.Build.0 = Release|Any CPU
		{74DB7AF5-F426-4403-91DF-7DF3C3BBA2AA}.Release|x64.ActiveCfg = Release|Any CPU
		{74DB7AF5-F426-4403-91DF-7DF3C3BBA2AA}.Release|x64.Build.0 = Release|Any CPU
		{74DB7AF5-F426-4403-91DF-7DF3C3BBA2AA}.Release|x86.ActiveCfg = Release|Any CPU
		{74DB7AF5-F426-4403-91DF-7DF3C3BBA2AA}.Release|x86.Build.0 = Release|Any CPU
		{63D46BE7-6B3A-4C6B-9982-55E3E9376612}.Debug|Any CPU.ActiveCfg = Debug|Any CPU
		{63D46BE7-6B3A-4C6B-9982-55E3E9376612}.Debug|Any CPU.Build.0 = Debug|Any CPU
		{63D46BE7-6B3A-4C6B-9982-55E3E9376612}.Debug|x64.ActiveCfg = Debug|Any CPU
		{63D46BE7-6B3A-4C6B-9982-55E3E9376612}.Debug|x64.Build.0 = Debug|Any CPU
		{63D46BE7-6B3A-4C6B-9982-55E3E9376612}.Debug|x86.ActiveCfg = Debug|Any CPU
		{63D46BE7-6B3A-4C6B-9982-55E3E9376612}.Debug|x86.Build.0 = Debug|Any CPU
		{63D46BE7-6B3A-4C6B-9982-55E3E9376612}.Release|Any CPU.ActiveCfg = Release|Any CPU
		{63D46BE7-6B3A-4C6B-9982-55E3E9376612}.Release|Any CPU.Build.0 = Release|Any CPU
		{63D46BE7-6B3A-4C6B-9982-55E3E9376612}.Release|x64.ActiveCfg = Release|Any CPU
		{63D46BE7-6B3A-4C6B-9982-55E3E9376612}.Release|x64.Build.0 = Release|Any CPU
		{63D46BE7-6B3A-4C6B-9982-55E3E9376612}.Release|x86.ActiveCfg = Release|Any CPU
		{63D46BE7-6B3A-4C6B-9982-55E3E9376612}.Release|x86.Build.0 = Release|Any CPU
		{988A12D3-E343-4B47-AAC1-5C40C19F1B0B}.Debug|Any CPU.ActiveCfg = Debug|Any CPU
		{988A12D3-E343-4B47-AAC1-5C40C19F1B0B}.Debug|Any CPU.Build.0 = Debug|Any CPU
		{988A12D3-E343-4B47-AAC1-5C40C19F1B0B}.Debug|x64.ActiveCfg = Debug|Any CPU
		{988A12D3-E343-4B47-AAC1-5C40C19F1B0B}.Debug|x64.Build.0 = Debug|Any CPU
		{988A12D3-E343-4B47-AAC1-5C40C19F1B0B}.Debug|x86.ActiveCfg = Debug|Any CPU
		{988A12D3-E343-4B47-AAC1-5C40C19F1B0B}.Debug|x86.Build.0 = Debug|Any CPU
		{988A12D3-E343-4B47-AAC1-5C40C19F1B0B}.Release|Any CPU.ActiveCfg = Release|Any CPU
		{988A12D3-E343-4B47-AAC1-5C40C19F1B0B}.Release|Any CPU.Build.0 = Release|Any CPU
		{988A12D3-E343-4B47-AAC1-5C40C19F1B0B}.Release|x64.ActiveCfg = Release|Any CPU
		{988A12D3-E343-4B47-AAC1-5C40C19F1B0B}.Release|x64.Build.0 = Release|Any CPU
		{988A12D3-E343-4B47-AAC1-5C40C19F1B0B}.Release|x86.ActiveCfg = Release|Any CPU
		{988A12D3-E343-4B47-AAC1-5C40C19F1B0B}.Release|x86.Build.0 = Release|Any CPU
		{35F72485-ADBE-4C25-96E6-CB6E8537EA16}.Debug|Any CPU.ActiveCfg = Debug|Any CPU
		{35F72485-ADBE-4C25-96E6-CB6E8537EA16}.Debug|Any CPU.Build.0 = Debug|Any CPU
		{35F72485-ADBE-4C25-96E6-CB6E8537EA16}.Debug|x64.ActiveCfg = Debug|Any CPU
		{35F72485-ADBE-4C25-96E6-CB6E8537EA16}.Debug|x64.Build.0 = Debug|Any CPU
		{35F72485-ADBE-4C25-96E6-CB6E8537EA16}.Debug|x86.ActiveCfg = Debug|Any CPU
		{35F72485-ADBE-4C25-96E6-CB6E8537EA16}.Debug|x86.Build.0 = Debug|Any CPU
		{35F72485-ADBE-4C25-96E6-CB6E8537EA16}.Release|Any CPU.ActiveCfg = Release|Any CPU
		{35F72485-ADBE-4C25-96E6-CB6E8537EA16}.Release|Any CPU.Build.0 = Release|Any CPU
		{35F72485-ADBE-4C25-96E6-CB6E8537EA16}.Release|x64.ActiveCfg = Release|Any CPU
		{35F72485-ADBE-4C25-96E6-CB6E8537EA16}.Release|x64.Build.0 = Release|Any CPU
		{35F72485-ADBE-4C25-96E6-CB6E8537EA16}.Release|x86.ActiveCfg = Release|Any CPU
		{35F72485-ADBE-4C25-96E6-CB6E8537EA16}.Release|x86.Build.0 = Release|Any CPU
		{E68061BE-0985-4864-AE9B-829E3F805EA6}.Debug|Any CPU.ActiveCfg = Debug|Any CPU
		{E68061BE-0985-4864-AE9B-829E3F805EA6}.Debug|Any CPU.Build.0 = Debug|Any CPU
		{E68061BE-0985-4864-AE9B-829E3F805EA6}.Debug|x64.ActiveCfg = Debug|Any CPU
		{E68061BE-0985-4864-AE9B-829E3F805EA6}.Debug|x64.Build.0 = Debug|Any CPU
		{E68061BE-0985-4864-AE9B-829E3F805EA6}.Debug|x86.ActiveCfg = Debug|Any CPU
		{E68061BE-0985-4864-AE9B-829E3F805EA6}.Debug|x86.Build.0 = Debug|Any CPU
		{E68061BE-0985-4864-AE9B-829E3F805EA6}.Release|Any CPU.ActiveCfg = Release|Any CPU
		{E68061BE-0985-4864-AE9B-829E3F805EA6}.Release|Any CPU.Build.0 = Release|Any CPU
		{E68061BE-0985-4864-AE9B-829E3F805EA6}.Release|x64.ActiveCfg = Release|Any CPU
		{E68061BE-0985-4864-AE9B-829E3F805EA6}.Release|x64.Build.0 = Release|Any CPU
		{E68061BE-0985-4864-AE9B-829E3F805EA6}.Release|x86.ActiveCfg = Release|Any CPU
		{E68061BE-0985-4864-AE9B-829E3F805EA6}.Release|x86.Build.0 = Release|Any CPU
		{685B5F55-680C-4B78-9E4E-87C87CF15693}.Debug|Any CPU.ActiveCfg = Debug|Any CPU
		{685B5F55-680C-4B78-9E4E-87C87CF15693}.Debug|Any CPU.Build.0 = Debug|Any CPU
		{685B5F55-680C-4B78-9E4E-87C87CF15693}.Debug|x64.ActiveCfg = Debug|Any CPU
		{685B5F55-680C-4B78-9E4E-87C87CF15693}.Debug|x64.Build.0 = Debug|Any CPU
		{685B5F55-680C-4B78-9E4E-87C87CF15693}.Debug|x86.ActiveCfg = Debug|Any CPU
		{685B5F55-680C-4B78-9E4E-87C87CF15693}.Debug|x86.Build.0 = Debug|Any CPU
		{685B5F55-680C-4B78-9E4E-87C87CF15693}.Release|Any CPU.ActiveCfg = Release|Any CPU
		{685B5F55-680C-4B78-9E4E-87C87CF15693}.Release|Any CPU.Build.0 = Release|Any CPU
		{685B5F55-680C-4B78-9E4E-87C87CF15693}.Release|x64.ActiveCfg = Release|Any CPU
		{685B5F55-680C-4B78-9E4E-87C87CF15693}.Release|x64.Build.0 = Release|Any CPU
		{685B5F55-680C-4B78-9E4E-87C87CF15693}.Release|x86.ActiveCfg = Release|Any CPU
		{685B5F55-680C-4B78-9E4E-87C87CF15693}.Release|x86.Build.0 = Release|Any CPU
		{8CEBB753-EE26-4C32-90A5-F0DA5AB8F834}.Debug|Any CPU.ActiveCfg = Debug|Any CPU
		{8CEBB753-EE26-4C32-90A5-F0DA5AB8F834}.Debug|Any CPU.Build.0 = Debug|Any CPU
		{8CEBB753-EE26-4C32-90A5-F0DA5AB8F834}.Debug|x64.ActiveCfg = Debug|Any CPU
		{8CEBB753-EE26-4C32-90A5-F0DA5AB8F834}.Debug|x64.Build.0 = Debug|Any CPU
		{8CEBB753-EE26-4C32-90A5-F0DA5AB8F834}.Debug|x86.ActiveCfg = Debug|Any CPU
		{8CEBB753-EE26-4C32-90A5-F0DA5AB8F834}.Debug|x86.Build.0 = Debug|Any CPU
		{8CEBB753-EE26-4C32-90A5-F0DA5AB8F834}.Release|Any CPU.ActiveCfg = Release|Any CPU
		{8CEBB753-EE26-4C32-90A5-F0DA5AB8F834}.Release|Any CPU.Build.0 = Release|Any CPU
		{8CEBB753-EE26-4C32-90A5-F0DA5AB8F834}.Release|x64.ActiveCfg = Release|Any CPU
		{8CEBB753-EE26-4C32-90A5-F0DA5AB8F834}.Release|x64.Build.0 = Release|Any CPU
		{8CEBB753-EE26-4C32-90A5-F0DA5AB8F834}.Release|x86.ActiveCfg = Release|Any CPU
		{8CEBB753-EE26-4C32-90A5-F0DA5AB8F834}.Release|x86.Build.0 = Release|Any CPU
		{066D1427-7AA1-4048-8F80-29491971AF35}.Debug|Any CPU.ActiveCfg = Debug|Any CPU
		{066D1427-7AA1-4048-8F80-29491971AF35}.Debug|Any CPU.Build.0 = Debug|Any CPU
		{066D1427-7AA1-4048-8F80-29491971AF35}.Debug|x64.ActiveCfg = Debug|Any CPU
		{066D1427-7AA1-4048-8F80-29491971AF35}.Debug|x64.Build.0 = Debug|Any CPU
		{066D1427-7AA1-4048-8F80-29491971AF35}.Debug|x86.ActiveCfg = Debug|Any CPU
		{066D1427-7AA1-4048-8F80-29491971AF35}.Debug|x86.Build.0 = Debug|Any CPU
		{066D1427-7AA1-4048-8F80-29491971AF35}.Release|Any CPU.ActiveCfg = Release|Any CPU
		{066D1427-7AA1-4048-8F80-29491971AF35}.Release|Any CPU.Build.0 = Release|Any CPU
		{066D1427-7AA1-4048-8F80-29491971AF35}.Release|x64.ActiveCfg = Release|Any CPU
		{066D1427-7AA1-4048-8F80-29491971AF35}.Release|x64.Build.0 = Release|Any CPU
		{066D1427-7AA1-4048-8F80-29491971AF35}.Release|x86.ActiveCfg = Release|Any CPU
		{066D1427-7AA1-4048-8F80-29491971AF35}.Release|x86.Build.0 = Release|Any CPU
	EndGlobalSection
	GlobalSection(SolutionProperties) = preSolution
		HideSolutionNode = FALSE
	EndGlobalSection
EndGlobal
