
Microsoft Visual Studio Solution File, Format Version 12.00
# Visual Studio Version 17
VisualStudioVersion = 17.0.31903.59
MinimumVisualStudioVersion = 10.0.40219.1
Project("{FAE04EC0-301F-11D3-BF4B-00C04F79EFBC}") = "Algorithm", "Algorithm\Algorithm.csproj", "{2B15C4F0-1E33-4E49-AB25-0EDF9E73E6EB}"
EndProject
Project("{FAE04EC0-301F-11D3-BF4B-00C04F79EFBC}") = "Algorithm.Tests", "Algorithm.Tests\Algorithm.Tests.csproj", "{22C8047D-6BA2-407C-BE13-EF45DA17B700}"
EndProject
Global
	GlobalSection(SolutionConfigurationPlatforms) = preSolution
		Debug|Any CPU = Debug|Any CPU
		Release|Any CPU = Release|Any CPU
	EndGlobalSection
	GlobalSection(SolutionProperties) = preSolution
		HideSolutionNode = FALSE
	EndGlobalSection
	GlobalSection(ProjectConfigurationPlatforms) = postSolution
		{2B15C4F0-1E33-4E49-AB25-0EDF9E73E6EB}.Debug|Any CPU.ActiveCfg = Debug|Any CPU
		{2B15C4F0-1E33-4E49-AB25-0EDF9E73E6EB}.Debug|Any CPU.Build.0 = Debug|Any CPU
		{2B15C4F0-1E33-4E49-AB25-0EDF9E73E6EB}.Release|Any CPU.ActiveCfg = Release|Any CPU
		{2B15C4F0-1E33-4E49-AB25-0EDF9E73E6EB}.Release|Any CPU.Build.0 = Release|Any CPU
		{22C8047D-6BA2-407C-BE13-EF45DA17B700}.Debug|Any CPU.ActiveCfg = Debug|Any CPU
		{22C8047D-6BA2-407C-BE13-EF45DA17B700}.Debug|Any CPU.Build.0 = Debug|Any CPU
		{22C8047D-6BA2-407C-BE13-EF45DA17B700}.Release|Any CPU.ActiveCfg = Release|Any CPU
		{22C8047D-6BA2-407C-BE13-EF45DA17B700}.Release|Any CPU.Build.0 = Release|Any CPU
	EndGlobalSection
EndGlobal
